
Microsoft Visual Studio Solution File, Format Version 12.00
# Visual Studio Version 17
VisualStudioVersion = 17.5.002.0
MinimumVisualStudioVersion = 10.0.40219.1
Project("{9A19103F-16F7-4668-BE54-9A1E7A4F7556}") = "FaceUploadApp", "FaceUploadApp.csproj", "{789DC9D8-7A85-4982-84EF-F311E8842DE5}"
EndProject
Global
	GlobalSection(SolutionConfigurationPlatforms) = preSolution
		Debug|Any CPU = Debug|Any CPU
		Release|Any CPU = Release|Any CPU
	EndGlobalSection
	GlobalSection(ProjectConfigurationPlatforms) = postSolution
		{789DC9D8-7A85-4982-84EF-F311E8842DE5}.Debug|Any CPU.ActiveCfg = Debug|Any CPU
		{789DC9D8-7A85-4982-84EF-F311E8842DE5}.Debug|Any CPU.Build.0 = Debug|Any CPU
		{789DC9D8-7A85-4982-84EF-F311E8842DE5}.Release|Any CPU.ActiveCfg = Release|Any CPU
		{789DC9D8-7A85-4982-84EF-F311E8842DE5}.Release|Any CPU.Build.0 = Release|Any CPU
	EndGlobalSection
	GlobalSection(SolutionProperties) = preSolution
		HideSolutionNode = FALSE
	EndGlobalSection
	GlobalSection(ExtensibilityGlobals) = postSolution
		SolutionGuid = {A275D72D-085E-424F-AF85-0CD8F415964B}
	EndGlobalSection
EndGlobal
